
Microsoft Visual Studio Solution File, Format Version 12.00
# Visual Studio Version 17
VisualStudioVersion = 17.0.32112.339
MinimumVisualStudioVersion = 10.0.40219.1
Project("{9A19103F-16F7-4668-BE54-9A1E7A4F7556}") = "CogShare", "CogShare\CogShare.csproj", "{91673501-1EF0-4F76-9F23-8650345C72E6}"
EndProject
Project("{FAE04EC0-301F-11D3-BF4B-00C04F79EFBC}") = "CogShare.Domain", "CogShare.Domain\CogShare.Domain.csproj", "{EBDE2FE0-CF5E-4908-99B6-D66CE293298B}"
EndProject
Project("{FAE04EC0-301F-11D3-BF4B-00C04F79EFBC}") = "CogShare.EFCore", "CogShare.EFCore\CogShare.EFCore.csproj", "{0B0075FD-7808-45BC-BF78-6705A16FB0B6}"
EndProject
Global
	GlobalSection(SolutionConfigurationPlatforms) = preSolution
		Debug|Any CPU = Debug|Any CPU
		Release|Any CPU = Release|Any CPU
	EndGlobalSection
	GlobalSection(ProjectConfigurationPlatforms) = postSolution
		{91673501-1EF0-4F76-9F23-8650345C72E6}.Debug|Any CPU.ActiveCfg = Debug|Any CPU
		{91673501-1EF0-4F76-9F23-8650345C72E6}.Debug|Any CPU.Build.0 = Debug|Any CPU
		{91673501-1EF0-4F76-9F23-8650345C72E6}.Release|Any CPU.ActiveCfg = Release|Any CPU
		{91673501-1EF0-4F76-9F23-8650345C72E6}.Release|Any CPU.Build.0 = Release|Any CPU
		{EBDE2FE0-CF5E-4908-99B6-D66CE293298B}.Debug|Any CPU.ActiveCfg = Debug|Any CPU
		{EBDE2FE0-CF5E-4908-99B6-D66CE293298B}.Debug|Any CPU.Build.0 = Debug|Any CPU
		{EBDE2FE0-CF5E-4908-99B6-D66CE293298B}.Release|Any CPU.ActiveCfg = Release|Any CPU
		{EBDE2FE0-CF5E-4908-99B6-D66CE293298B}.Release|Any CPU.Build.0 = Release|Any CPU
		{0B0075FD-7808-45BC-BF78-6705A16FB0B6}.Debug|Any CPU.ActiveCfg = Debug|Any CPU
		{0B0075FD-7808-45BC-BF78-6705A16FB0B6}.Debug|Any CPU.Build.0 = Debug|Any CPU
		{0B0075FD-7808-45BC-BF78-6705A16FB0B6}.Release|Any CPU.ActiveCfg = Release|Any CPU
		{0B0075FD-7808-45BC-BF78-6705A16FB0B6}.Release|Any CPU.Build.0 = Release|Any CPU
	EndGlobalSection
	GlobalSection(SolutionProperties) = preSolution
		HideSolutionNode = FALSE
	EndGlobalSection
	GlobalSection(ExtensibilityGlobals) = postSolution
		SolutionGuid = {205D8E5E-D42F-4F41-9223-73453FE7F002}
	EndGlobalSection
EndGlobal
